// !$*UTF8*$!
{
	archiveVersion = 1;
	classes = {
	};
	objectVersion = 46;
	objects = {

/* Begin PBXBuildFile section */
		4005274222663F82008CD36D /* NotificareReactNativeIOSUtils.m in Sources */ = {isa = PBXBuildFile; fileRef = 4005274122663F82008CD36D /* NotificareReactNativeIOSUtils.m */; };
		5DA03AB21DD213360077017E /* NotificareReactNativeIOS.m in Sources */ = {isa = PBXBuildFile; fileRef = 5DA03AB01DD213360077017E /* NotificareReactNativeIOS.m */; };
/* End PBXBuildFile section */

/* Begin PBXCopyFilesBuildPhase section */
		5DA03A9F1DD212270077017E /* CopyFiles */ = {
			isa = PBXCopyFilesBuildPhase;
			buildActionMask = 2147483647;
			dstPath = "include/$(PRODUCT_NAME)";
			dstSubfolderSpec = 16;
			files = (
			);
			runOnlyForDeploymentPostprocessing = 0;
		};
/* End PBXCopyFilesBuildPhase section */

/* Begin PBXFileReference section */
		4005274022663F82008CD36D /* NotificareReactNativeIOSUtils.h */ = {isa = PBXFileReference; lastKnownFileType = sourcecode.c.h; path = NotificareReactNativeIOSUtils.h; sourceTree = "<group>"; };
		4005274122663F82008CD36D /* NotificareReactNativeIOSUtils.m */ = {isa = PBXFileReference; lastKnownFileType = sourcecode.c.objc; path = NotificareReactNativeIOSUtils.m; sourceTree = "<group>"; };
		5DA03AA11DD212270077017E /* libNotificarePushLibReactNative.a */ = {isa = PBXFileReference; explicitFileType = archive.ar; includeInIndex = 0; path = libNotificarePushLibReactNative.a; sourceTree = BUILT_PRODUCTS_DIR; };
		5DA03AB01DD213360077017E /* NotificareReactNativeIOS.m */ = {isa = PBXFileReference; fileEncoding = 4; lastKnownFileType = sourcecode.c.objc; path = NotificareReactNativeIOS.m; sourceTree = "<group>"; };
		5DA03AB11DD213360077017E /* NotificareReactNativeIOS.h */ = {isa = PBXFileReference; fileEncoding = 4; lastKnownFileType = sourcecode.c.h; path = NotificareReactNativeIOS.h; sourceTree = "<group>"; };
/* End PBXFileReference section */

/* Begin PBXFrameworksBuildPhase section */
		5DA03A9E1DD212270077017E /* Frameworks */ = {
			isa = PBXFrameworksBuildPhase;
			buildActionMask = 2147483647;
			files = (
			);
			runOnlyForDeploymentPostprocessing = 0;
		};
/* End PBXFrameworksBuildPhase section */

/* Begin PBXGroup section */
		5DA03A981DD212270077017E = {
			isa = PBXGroup;
			children = (
				5DA03AA31DD212270077017E /* NotificarePushLibReactNative */,
				5DA03AA21DD212270077017E /* Products */,
			);
			sourceTree = "<group>";
		};
		5DA03AA21DD212270077017E /* Products */ = {
			isa = PBXGroup;
			children = (
				5DA03AA11DD212270077017E /* libNotificarePushLibReactNative.a */,
			);
			name = Products;
			sourceTree = "<group>";
		};
		5DA03AA31DD212270077017E /* NotificarePushLibReactNative */ = {
			isa = PBXGroup;
			children = (
				5DA03AB01DD213360077017E /* NotificareReactNativeIOS.m */,
				5DA03AB11DD213360077017E /* NotificareReactNativeIOS.h */,
				4005274022663F82008CD36D /* NotificareReactNativeIOSUtils.h */,
				4005274122663F82008CD36D /* NotificareReactNativeIOSUtils.m */,
			);
			path = NotificarePushLibReactNative;
			sourceTree = "<group>";
		};
/* End PBXGroup section */

/* Begin PBXNativeTarget section */
		5DA03AA01DD212270077017E /* NotificarePushLibReactNative */ = {
			isa = PBXNativeTarget;
			buildConfigurationList = 5DA03AAA1DD212270077017E /* Build configuration list for PBXNativeTarget "NotificarePushLibReactNative" */;
			buildPhases = (
				5DA03A9D1DD212270077017E /* Sources */,
				5DA03A9E1DD212270077017E /* Frameworks */,
				5DA03A9F1DD212270077017E /* CopyFiles */,
			);
			buildRules = (
			);
			dependencies = (
			);
			name = NotificarePushLibReactNative;
			productName = NotificarePushLibReactNative;
			productReference = 5DA03AA11DD212270077017E /* libNotificarePushLibReactNative.a */;
			productType = "com.apple.product-type.library.static";
		};
/* End PBXNativeTarget section */

/* Begin PBXProject section */
		5DA03A991DD212270077017E /* Project object */ = {
			isa = PBXProject;
			attributes = {
				LastUpgradeCheck = 0810;
				ORGANIZATIONNAME = Notificare;
				TargetAttributes = {
					5DA03AA01DD212270077017E = {
						CreatedOnToolsVersion = 8.1;
						DevelopmentTeam = E3J9DDFVP4;
						ProvisioningStyle = Automatic;
					};
				};
			};
			buildConfigurationList = 5DA03A9C1DD212270077017E /* Build configuration list for PBXProject "NotificarePushLibReactNative" */;
			compatibilityVersion = "Xcode 3.2";
			developmentRegion = English;
			hasScannedForEncodings = 0;
			knownRegions = (
				English,
				en,
			);
			mainGroup = 5DA03A981DD212270077017E;
			productRefGroup = 5DA03AA21DD212270077017E /* Products */;
			projectDirPath = "";
			projectRoot = "";
			targets = (
				5DA03AA01DD212270077017E /* NotificarePushLibReactNative */,
			);
		};
/* End PBXProject section */

/* Begin PBXSourcesBuildPhase section */
		5DA03A9D1DD212270077017E /* Sources */ = {
			isa = PBXSourcesBuildPhase;
			buildActionMask = 2147483647;
			files = (
				4005274222663F82008CD36D /* NotificareReactNativeIOSUtils.m in Sources */,
				5DA03AB21DD213360077017E /* NotificareReactNativeIOS.m in Sources */,
			);
			runOnlyForDeploymentPostprocessing = 0;
		};
/* End PBXSourcesBuildPhase section */

/* Begin XCBuildConfiguration section */
		5DA03AA81DD212270077017E /* Debug */ = {
			isa = XCBuildConfiguration;
			buildSettings = {
				ALWAYS_SEARCH_USER_PATHS = NO;
				CLANG_ANALYZER_NONNULL = YES;
				CLANG_CXX_LANGUAGE_STANDARD = "gnu++0x";
				CLANG_CXX_LIBRARY = "libc++";
				CLANG_ENABLE_MODULES = YES;
				CLANG_ENABLE_OBJC_ARC = YES;
				CLANG_WARN_BOOL_CONVERSION = YES;
				CLANG_WARN_CONSTANT_CONVERSION = YES;
				CLANG_WARN_DIRECT_OBJC_ISA_USAGE = YES_ERROR;
				CLANG_WARN_DOCUMENTATION_COMMENTS = YES;
				CLANG_WARN_EMPTY_BODY = YES;
				CLANG_WARN_ENUM_CONVERSION = YES;
				CLANG_WARN_INFINITE_RECURSION = YES;
				CLANG_WARN_INT_CONVERSION = YES;
				CLANG_WARN_OBJC_ROOT_CLASS = YES_ERROR;
				CLANG_WARN_SUSPICIOUS_MOVES = YES;
				CLANG_WARN_UNREACHABLE_CODE = YES;
				CLANG_WARN__DUPLICATE_METHOD_MATCH = YES;
				"CODE_SIGN_IDENTITY[sdk=iphoneos*]" = "iPhone Developer";
				COPY_PHASE_STRIP = NO;
				DEBUG_INFORMATION_FORMAT = dwarf;
				ENABLE_STRICT_OBJC_MSGSEND = YES;
				ENABLE_TESTABILITY = YES;
				GCC_C_LANGUAGE_STANDARD = gnu99;
				GCC_DYNAMIC_NO_PIC = NO;
				GCC_NO_COMMON_BLOCKS = YES;
				GCC_OPTIMIZATION_LEVEL = 0;
				GCC_PREPROCESSOR_DEFINITIONS = (
					"DEBUG=1",
					"$(inherited)",
				);
				GCC_WARN_64_TO_32_BIT_CONVERSION = YES;
				GCC_WARN_ABOUT_RETURN_TYPE = YES_ERROR;
				GCC_WARN_UNDECLARED_SELECTOR = YES;
				GCC_WARN_UNINITIALIZED_AUTOS = YES_AGGRESSIVE;
				GCC_WARN_UNUSED_FUNCTION = YES;
				GCC_WARN_UNUSED_VARIABLE = YES;
				IPHONEOS_DEPLOYMENT_TARGET = 10.1;
				MTL_ENABLE_DEBUG_INFO = YES;
				ONLY_ACTIVE_ARCH = YES;
				SDKROOT = iphoneos;
			};
			name = Debug;
		};
		5DA03AA91DD212270077017E /* Release */ = {
			isa = XCBuildConfiguration;
			buildSettings = {
				ALWAYS_SEARCH_USER_PATHS = NO;
				CLANG_ANALYZER_NONNULL = YES;
				CLANG_CXX_LANGUAGE_STANDARD = "gnu++0x";
				CLANG_CXX_LIBRARY = "libc++";
				CLANG_ENABLE_MODULES = YES;
				CLANG_ENABLE_OBJC_ARC = YES;
				CLANG_WARN_BOOL_CONVERSION = YES;
				CLANG_WARN_CONSTANT_CONVERSION = YES;
				CLANG_WARN_DIRECT_OBJC_ISA_USAGE = YES_ERROR;
				CLANG_WARN_DOCUMENTATION_COMMENTS = YES;
				CLANG_WARN_EMPTY_BODY = YES;
				CLANG_WARN_ENUM_CONVERSION = YES;
				CLANG_WARN_INFINITE_RECURSION = YES;
				CLANG_WARN_INT_CONVERSION = YES;
				CLANG_WARN_OBJC_ROOT_CLASS = YES_ERROR;
				CLANG_WARN_SUSPICIOUS_MOVES = YES;
				CLANG_WARN_UNREACHABLE_CODE = YES;
				CLANG_WARN__DUPLICATE_METHOD_MATCH = YES;
				"CODE_SIGN_IDENTITY[sdk=iphoneos*]" = "iPhone Developer";
				COPY_PHASE_STRIP = NO;
				DEBUG_INFORMATION_FORMAT = "dwarf-with-dsym";
				ENABLE_NS_ASSERTIONS = NO;
				ENABLE_STRICT_OBJC_MSGSEND = YES;
				GCC_C_LANGUAGE_STANDARD = gnu99;
				GCC_NO_COMMON_BLOCKS = YES;
				GCC_WARN_64_TO_32_BIT_CONVERSION = YES;
				GCC_WARN_ABOUT_RETURN_TYPE = YES_ERROR;
				GCC_WARN_UNDECLARED_SELECTOR = YES;
				GCC_WARN_UNINITIALIZED_AUTOS = YES_AGGRESSIVE;
				GCC_WARN_UNUSED_FUNCTION = YES;
				GCC_WARN_UNUSED_VARIABLE = YES;
				IPHONEOS_DEPLOYMENT_TARGET = 10.1;
				MTL_ENABLE_DEBUG_INFO = NO;
				SDKROOT = iphoneos;
				VALIDATE_PRODUCT = YES;
			};
			name = Release;
		};
		5DA03AAB1DD212270077017E /* Debug */ = {
			isa = XCBuildConfiguration;
			buildSettings = {
				DEVELOPMENT_TEAM = E3J9DDFVP4;
				HEADER_SEARCH_PATHS = "$(PROJECT_DIR)/Libraries/**";
				IPHONEOS_DEPLOYMENT_TARGET = 8.0;
				LIBRARY_SEARCH_PATHS = (
					"$(inherited)",
					"$(PROJECT_DIR)/Libraries/**",
					"$(PROJECT_DIR)/Libraries/notificare-push-lib-1.9.3/**",
					"$(PROJECT_DIR)/Libraries/notificare-push-lib-1.9.3",
					"$(PROJECT_DIR)/Libraries/notificare-push-lib",
					"$(PROJECT_DIR)/Libraries/NotificarePushLib",
				);
				OTHER_LDFLAGS = "-ObjC";
				PRODUCT_NAME = "$(TARGET_NAME)";
				SKIP_INSTALL = YES;
			};
			name = Debug;
		};
		5DA03AAC1DD212270077017E /* Release */ = {
			isa = XCBuildConfiguration;
			buildSettings = {
				DEVELOPMENT_TEAM = E3J9DDFVP4;
				HEADER_SEARCH_PATHS = "$(PROJECT_DIR)/Libraries/**";
				IPHONEOS_DEPLOYMENT_TARGET = 8.0;
				LIBRARY_SEARCH_PATHS = (
					"$(inherited)",
					"$(PROJECT_DIR)/Libraries/**",
					"$(PROJECT_DIR)/Libraries/notificare-push-lib-1.9.3/**",
					"$(PROJECT_DIR)/Libraries/notificare-push-lib-1.9.3",
					"$(PROJECT_DIR)/Libraries/notificare-push-lib",
					"$(PROJECT_DIR)/Libraries/NotificarePushLib",
				);
				OTHER_LDFLAGS = "-ObjC";
				PRODUCT_NAME = "$(TARGET_NAME)";
				SKIP_INSTALL = YES;
			};
			name = Release;
		};
/* End XCBuildConfiguration section */

/* Begin XCConfigurationList section */
		5DA03A9C1DD212270077017E /* Build configuration list for PBXProject "NotificarePushLibReactNative" */ = {
			isa = XCConfigurationList;
			buildConfigurations = (
				5DA03AA81DD212270077017E /* Debug */,
				5DA03AA91DD212270077017E /* Release */,
			);
			defaultConfigurationIsVisible = 0;
			defaultConfigurationName = Release;
		};
		5DA03AAA1DD212270077017E /* Build configuration list for PBXNativeTarget "NotificarePushLibReactNative" */ = {
			isa = XCConfigurationList;
			buildConfigurations = (
				5DA03AAB1DD212270077017E /* Debug */,
				5DA03AAC1DD212270077017E /* Release */,
			);
			defaultConfigurationIsVisible = 0;
			defaultConfigurationName = Release;
		};
/* End XCConfigurationList section */
	};
	rootObject = 5DA03A991DD212270077017E /* Project object */;
}
